
Microsoft Visual Studio Solution File, Format Version 12.00
# Visual Studio Version 17
VisualStudioVersion = 17.0.31903.59
MinimumVisualStudioVersion = 10.0.40219.1
Project("{FAE04EC0-301F-11D3-BF4B-00C04F79EFBC}") = "Chart.Core.Execution", "Chart.Core.Execution\Chart.Core.Execution.csproj", "{C9955700-C662-4D77-872A-A15CB0520321}"
EndProject
Project("{FAE04EC0-301F-11D3-BF4B-00C04F79EFBC}") = "Chart.Core.Parsers", "Chart.Core.Parsers\Chart.Core.Parsers.csproj", "{4E2AA9BD-D057-4D09-A7D3-7C28BD1D611C}"
EndProject
Project("{FAE04EC0-301F-11D3-BF4B-00C04F79EFBC}") = "Chart.Models.AST", "Chart.Models.AST\Chart.Models.AST.csproj", "{8711F545-0733-4A55-A587-F6E952925A91}"
EndProject
Project("{FAE04EC0-301F-11D3-BF4B-00C04F79EFBC}") = "Chart.Shared", "Chart.Shared\Chart.Shared.csproj", "{84A75023-8013-4EF5-AFFD-8972A5915C80}"
EndProject
Project("{FAE04EC0-301F-11D3-BF4B-00C04F79EFBC}") = "Chart.Utils.Printer", "Chart.Utils.Printer\Chart.Utils.Printer.csproj", "{70DC33A2-811D-4882-8099-7BA55437C9F3}"
EndProject
Project("{FAE04EC0-301F-11D3-BF4B-00C04F79EFBC}") = "Chart.Core.Parser.Tests", "Chart.Core.Parsers.Tests\Chart.Core.Parser.Tests.csproj", "{73E29285-1196-46CA-9BF2-D2CD529B211D}"
EndProject
Project("{FAE04EC0-301F-11D3-BF4B-00C04F79EFBC}") = "Chart.Core.Parser.Benchmarks", "Chart.Core.Parsers.Benchmarks\Chart.Core.Parser.Benchmarks.csproj", "{FAD435DB-16E5-4994-90E1-11FF424D69B2}"
EndProject
Project("{FAE04EC0-301F-11D3-BF4B-00C04F79EFBC}") = "Chart.Core.TypeResolver", "Chart.Core.TypeResolver\Chart.Core.TypeResolver.csproj", "{E9BA98B8-5F64-420A-8CED-C4F1E356A663}"
EndProject
Project("{FAE04EC0-301F-11D3-BF4B-00C04F79EFBC}") = "Chart.Core.TypeResolver.Tests", "Chart.Core.TypeResolver.Tests\Chart.Core.TypeResolver.Tests.csproj", "{BFD6FD67-5A9D-4BE5-855B-C223378CA5FB}"
EndProject
Global
	GlobalSection(SolutionConfigurationPlatforms) = preSolution
		Debug|Any CPU = Debug|Any CPU
		Release|Any CPU = Release|Any CPU
	EndGlobalSection
	GlobalSection(SolutionProperties) = preSolution
		HideSolutionNode = FALSE
	EndGlobalSection
	GlobalSection(ProjectConfigurationPlatforms) = postSolution
		{C9955700-C662-4D77-872A-A15CB0520321}.Debug|Any CPU.ActiveCfg = Debug|Any CPU
		{C9955700-C662-4D77-872A-A15CB0520321}.Debug|Any CPU.Build.0 = Debug|Any CPU
		{C9955700-C662-4D77-872A-A15CB0520321}.Release|Any CPU.ActiveCfg = Release|Any CPU
		{C9955700-C662-4D77-872A-A15CB0520321}.Release|Any CPU.Build.0 = Release|Any CPU
		{4E2AA9BD-D057-4D09-A7D3-7C28BD1D611C}.Debug|Any CPU.ActiveCfg = Debug|Any CPU
		{4E2AA9BD-D057-4D09-A7D3-7C28BD1D611C}.Debug|Any CPU.Build.0 = Debug|Any CPU
		{4E2AA9BD-D057-4D09-A7D3-7C28BD1D611C}.Release|Any CPU.ActiveCfg = Release|Any CPU
		{4E2AA9BD-D057-4D09-A7D3-7C28BD1D611C}.Release|Any CPU.Build.0 = Release|Any CPU
		{8711F545-0733-4A55-A587-F6E952925A91}.Debug|Any CPU.ActiveCfg = Debug|Any CPU
		{8711F545-0733-4A55-A587-F6E952925A91}.Debug|Any CPU.Build.0 = Debug|Any CPU
		{8711F545-0733-4A55-A587-F6E952925A91}.Release|Any CPU.ActiveCfg = Release|Any CPU
		{8711F545-0733-4A55-A587-F6E952925A91}.Release|Any CPU.Build.0 = Release|Any CPU
		{84A75023-8013-4EF5-AFFD-8972A5915C80}.Debug|Any CPU.ActiveCfg = Debug|Any CPU
		{84A75023-8013-4EF5-AFFD-8972A5915C80}.Debug|Any CPU.Build.0 = Debug|Any CPU
		{84A75023-8013-4EF5-AFFD-8972A5915C80}.Release|Any CPU.ActiveCfg = Release|Any CPU
		{84A75023-8013-4EF5-AFFD-8972A5915C80}.Release|Any CPU.Build.0 = Release|Any CPU
		{70DC33A2-811D-4882-8099-7BA55437C9F3}.Debug|Any CPU.ActiveCfg = Debug|Any CPU
		{70DC33A2-811D-4882-8099-7BA55437C9F3}.Debug|Any CPU.Build.0 = Debug|Any CPU
		{70DC33A2-811D-4882-8099-7BA55437C9F3}.Release|Any CPU.ActiveCfg = Release|Any CPU
		{70DC33A2-811D-4882-8099-7BA55437C9F3}.Release|Any CPU.Build.0 = Release|Any CPU
		{73E29285-1196-46CA-9BF2-D2CD529B211D}.Debug|Any CPU.ActiveCfg = Debug|Any CPU
		{73E29285-1196-46CA-9BF2-D2CD529B211D}.Debug|Any CPU.Build.0 = Debug|Any CPU
		{73E29285-1196-46CA-9BF2-D2CD529B211D}.Release|Any CPU.ActiveCfg = Release|Any CPU
		{73E29285-1196-46CA-9BF2-D2CD529B211D}.Release|Any CPU.Build.0 = Release|Any CPU
		{FAD435DB-16E5-4994-90E1-11FF424D69B2}.Debug|Any CPU.ActiveCfg = Debug|Any CPU
		{FAD435DB-16E5-4994-90E1-11FF424D69B2}.Debug|Any CPU.Build.0 = Debug|Any CPU
		{FAD435DB-16E5-4994-90E1-11FF424D69B2}.Release|Any CPU.ActiveCfg = Release|Any CPU
		{FAD435DB-16E5-4994-90E1-11FF424D69B2}.Release|Any CPU.Build.0 = Release|Any CPU
		{E9BA98B8-5F64-420A-8CED-C4F1E356A663}.Debug|Any CPU.ActiveCfg = Debug|Any CPU
		{E9BA98B8-5F64-420A-8CED-C4F1E356A663}.Debug|Any CPU.Build.0 = Debug|Any CPU
		{E9BA98B8-5F64-420A-8CED-C4F1E356A663}.Release|Any CPU.ActiveCfg = Release|Any CPU
		{E9BA98B8-5F64-420A-8CED-C4F1E356A663}.Release|Any CPU.Build.0 = Release|Any CPU
		{BFD6FD67-5A9D-4BE5-855B-C223378CA5FB}.Debug|Any CPU.ActiveCfg = Debug|Any CPU
		{BFD6FD67-5A9D-4BE5-855B-C223378CA5FB}.Debug|Any CPU.Build.0 = Debug|Any CPU
		{BFD6FD67-5A9D-4BE5-855B-C223378CA5FB}.Release|Any CPU.ActiveCfg = Release|Any CPU
		{BFD6FD67-5A9D-4BE5-855B-C223378CA5FB}.Release|Any CPU.Build.0 = Release|Any CPU
	EndGlobalSection
EndGlobal
