
Microsoft Visual Studio Solution File, Format Version 12.00
# Visual Studio Version 17
VisualStudioVersion = 17.0.31903.59
MinimumVisualStudioVersion = 10.0.40219.1
Project("{FAE04EC0-301F-11D3-BF4B-00C04F79EFBC}") = "Chart.Core.Parser", "Chart.Core.Parser\Chart.Core.Parser.csproj", "{69450A76-577B-47E9-A9E9-5BD764622FF4}"
EndProject
Project("{FAE04EC0-301F-11D3-BF4B-00C04F79EFBC}") = "Test", "Test\Test.csproj", "{A27C8A15-0F18-4CB3-9FE0-570D30959059}"
EndProject
Project("{FAE04EC0-301F-11D3-BF4B-00C04F79EFBC}") = "Chart.Core.Parser.Tests", "Chart.Core.Parser.Tests\Chart.Core.Parser.Tests.csproj", "{67914A78-F831-4AB9-9A75-69AC93D05B78}"
EndProject
Project("{FAE04EC0-301F-11D3-BF4B-00C04F79EFBC}") = "Chart.Core.Parser.Benchmarks", "Chart.Core.Parser.Benchmarks\Chart.Core.Parser.Benchmarks.csproj", "{B0B0713E-41EA-4A28-9C93-F543EAA1F806}"
EndProject
Project("{FAE04EC0-301F-11D3-BF4B-00C04F79EFBC}") = "Chart.Core.Execution", "Chart.Core.Execution\Chart.Core.Execution.csproj", "{C9955700-C662-4D77-872A-A15CB0520321}"
EndProject
Global
	GlobalSection(SolutionConfigurationPlatforms) = preSolution
		Debug|Any CPU = Debug|Any CPU
		Release|Any CPU = Release|Any CPU
	EndGlobalSection
	GlobalSection(SolutionProperties) = preSolution
		HideSolutionNode = FALSE
	EndGlobalSection
	GlobalSection(ProjectConfigurationPlatforms) = postSolution
		{69450A76-577B-47E9-A9E9-5BD764622FF4}.Debug|Any CPU.ActiveCfg = Debug|Any CPU
		{69450A76-577B-47E9-A9E9-5BD764622FF4}.Debug|Any CPU.Build.0 = Debug|Any CPU
		{69450A76-577B-47E9-A9E9-5BD764622FF4}.Release|Any CPU.ActiveCfg = Release|Any CPU
		{69450A76-577B-47E9-A9E9-5BD764622FF4}.Release|Any CPU.Build.0 = Release|Any CPU
		{A27C8A15-0F18-4CB3-9FE0-570D30959059}.Debug|Any CPU.ActiveCfg = Debug|Any CPU
		{A27C8A15-0F18-4CB3-9FE0-570D30959059}.Debug|Any CPU.Build.0 = Debug|Any CPU
		{A27C8A15-0F18-4CB3-9FE0-570D30959059}.Release|Any CPU.ActiveCfg = Release|Any CPU
		{A27C8A15-0F18-4CB3-9FE0-570D30959059}.Release|Any CPU.Build.0 = Release|Any CPU
		{67914A78-F831-4AB9-9A75-69AC93D05B78}.Debug|Any CPU.ActiveCfg = Debug|Any CPU
		{67914A78-F831-4AB9-9A75-69AC93D05B78}.Debug|Any CPU.Build.0 = Debug|Any CPU
		{67914A78-F831-4AB9-9A75-69AC93D05B78}.Release|Any CPU.ActiveCfg = Release|Any CPU
		{67914A78-F831-4AB9-9A75-69AC93D05B78}.Release|Any CPU.Build.0 = Release|Any CPU
		{B0B0713E-41EA-4A28-9C93-F543EAA1F806}.Debug|Any CPU.ActiveCfg = Debug|Any CPU
		{B0B0713E-41EA-4A28-9C93-F543EAA1F806}.Debug|Any CPU.Build.0 = Debug|Any CPU
		{B0B0713E-41EA-4A28-9C93-F543EAA1F806}.Release|Any CPU.ActiveCfg = Release|Any CPU
		{B0B0713E-41EA-4A28-9C93-F543EAA1F806}.Release|Any CPU.Build.0 = Release|Any CPU
		{C9955700-C662-4D77-872A-A15CB0520321}.Debug|Any CPU.ActiveCfg = Debug|Any CPU
		{C9955700-C662-4D77-872A-A15CB0520321}.Debug|Any CPU.Build.0 = Debug|Any CPU
		{C9955700-C662-4D77-872A-A15CB0520321}.Release|Any CPU.ActiveCfg = Release|Any CPU
		{C9955700-C662-4D77-872A-A15CB0520321}.Release|Any CPU.Build.0 = Release|Any CPU
	EndGlobalSection
EndGlobal
